
Microsoft Visual Studio Solution File, Format Version 12.00
# Visual Studio Version 17
VisualStudioVersion = 17.2.32616.157
MinimumVisualStudioVersion = 10.0.40219.1
Project("{FAE04EC0-301F-11D3-BF4B-00C04F79EFBC}") = "WebApplication2", "WebApplication2\WebApplication2.csproj", "{DFCB802A-BBB8-41BA-BE88-76186CC1797F}"
EndProject
Project("{FAE04EC0-301F-11D3-BF4B-00C04F79EFBC}") = "WebApplication1", "WebApplication1\WebApplication1.csproj", "{105F4F23-C28C-458C-9309-0AE9D4B242FE}"
EndProject
Global
	GlobalSection(SolutionConfigurationPlatforms) = preSolution
		Debug|Any CPU = Debug|Any CPU
		Release|Any CPU = Release|Any CPU
	EndGlobalSection
	GlobalSection(ProjectConfigurationPlatforms) = postSolution
		{DFCB802A-BBB8-41BA-BE88-76186CC1797F}.Debug|Any CPU.ActiveCfg = Debug|Any CPU
		{DFCB802A-BBB8-41BA-BE88-76186CC1797F}.Debug|Any CPU.Build.0 = Debug|Any CPU
		{DFCB802A-BBB8-41BA-BE88-76186CC1797F}.Release|Any CPU.ActiveCfg = Release|Any CPU
		{DFCB802A-BBB8-41BA-BE88-76186CC1797F}.Release|Any CPU.Build.0 = Release|Any CPU
		{105F4F23-C28C-458C-9309-0AE9D4B242FE}.Debug|Any CPU.ActiveCfg = Debug|Any CPU
		{105F4F23-C28C-458C-9309-0AE9D4B242FE}.Debug|Any CPU.Build.0 = Debug|Any CPU
		{105F4F23-C28C-458C-9309-0AE9D4B242FE}.Release|Any CPU.ActiveCfg = Release|Any CPU
		{105F4F23-C28C-458C-9309-0AE9D4B242FE}.Release|Any CPU.Build.0 = Release|Any CPU
	EndGlobalSection
	GlobalSection(SolutionProperties) = preSolution
		HideSolutionNode = FALSE
	EndGlobalSection
	GlobalSection(ExtensibilityGlobals) = postSolution
		SolutionGuid = {951B2AB7-AE16-40E3-965E-14C193D78958}
	EndGlobalSection
EndGlobal
